{
  "name": "base-agency-zkteco-sync-agent",
  "version": "1.0.0",
  "lockfileVersion": 3,
  "requires": true,
  "packages": {
    "": {
      "name": "base-agency-zkteco-sync-agent",
      "version": "1.0.0",
      "dependencies": {
        "dotenv": "^16.4.7",
        "zklib-js": "^1.0.1"
      },
      "engines": {
        "node": ">=18"
      }
    },
    "node_modules/dotenv": {
      "version": "16.6.1",
      "resolved": "https://registry.npmjs.org/dotenv/-/dotenv-16.6.1.tgz",
      "integrity": "sha512-uBq4egWHTcTt33a72vpSG0z3HnPuIl6NqYcTrKEg2azoEyl2hpW0zqlxysq2pK9HlDIHyHyakeYaYnSAwd8bow==",
      "license": "BSD-2-Clause",
      "engines": {
        "node": ">=12"
      },
      "funding": {
        "url": "https://dotenvx.com"
      }
    },
    "node_modules/zklib-js": {
      "version": "1.3.5",
      "resolved": "https://registry.npmjs.org/zklib-js/-/zklib-js-1.3.5.tgz",
      "integrity": "sha512-sg6xsWss/4Q4KhOf4XyfKhehOy3pSBe35DW04eniPycWL1S2UXxKvyqheiFFZjWk7YWattHeVVrUXb6HDy0KzA==",
      "license": "ISC",
      "dependencies": {
        "zklib-js": "^1.0.0"
      }
    }
  }
}
